
Microsoft Visual Studio Solution File, Format Version 12.00
# Visual Studio 15
VisualStudioVersion = 15.0.27428.2043
MinimumVisualStudioVersion = 10.0.40219.1
Project("{FAE04EC0-301F-11D3-BF4B-00C04F79EFBC}") = "Stacks_N_Queues", "Stacks_N_Queues\Stacks_N_Queues.csproj", "{DFA5C64F-2E89-4668-A56C-EA15FAC0028C}"
EndProject
Global
	GlobalSection(SolutionConfigurationPlatforms) = preSolution
		Debug|Any CPU = Debug|Any CPU
		Release|Any CPU = Release|Any CPU
	EndGlobalSection
	GlobalSection(ProjectConfigurationPlatforms) = postSolution
		{DFA5C64F-2E89-4668-A56C-EA15FAC0028C}.Debug|Any CPU.ActiveCfg = Debug|Any CPU
		{DFA5C64F-2E89-4668-A56C-EA15FAC0028C}.Debug|Any CPU.Build.0 = Debug|Any CPU
		{DFA5C64F-2E89-4668-A56C-EA15FAC0028C}.Release|Any CPU.ActiveCfg = Release|Any CPU
		{DFA5C64F-2E89-4668-A56C-EA15FAC0028C}.Release|Any CPU.Build.0 = Release|Any CPU
	EndGlobalSection
	GlobalSection(SolutionProperties) = preSolution
		HideSolutionNode = FALSE
	EndGlobalSection
	GlobalSection(ExtensibilityGlobals) = postSolution
		SolutionGuid = {705F67DA-D038-442C-B83D-0F1D591FAF31}
	EndGlobalSection
EndGlobal
